
Microsoft Visual Studio Solution File, Format Version 12.00
# Visual Studio Version 17
VisualStudioVersion = 17.5.002.0
MinimumVisualStudioVersion = 10.0.40219.1
Project("{9A19103F-16F7-4668-BE54-9A1E7A4F7556}") = "dynamic-response", "dynamic-response.csproj", "{D08C8BE8-22FF-4B83-A2E0-D3EFEC5747BE}"
EndProject
Global
	GlobalSection(SolutionConfigurationPlatforms) = preSolution
		Debug|Any CPU = Debug|Any CPU
		Release|Any CPU = Release|Any CPU
	EndGlobalSection
	GlobalSection(ProjectConfigurationPlatforms) = postSolution
		{D08C8BE8-22FF-4B83-A2E0-D3EFEC5747BE}.Debug|Any CPU.ActiveCfg = Debug|Any CPU
		{D08C8BE8-22FF-4B83-A2E0-D3EFEC5747BE}.Debug|Any CPU.Build.0 = Debug|Any CPU
		{D08C8BE8-22FF-4B83-A2E0-D3EFEC5747BE}.Release|Any CPU.ActiveCfg = Release|Any CPU
		{D08C8BE8-22FF-4B83-A2E0-D3EFEC5747BE}.Release|Any CPU.Build.0 = Release|Any CPU
	EndGlobalSection
	GlobalSection(SolutionProperties) = preSolution
		HideSolutionNode = FALSE
	EndGlobalSection
	GlobalSection(ExtensibilityGlobals) = postSolution
		SolutionGuid = {D23680C3-F31D-403F-BF0D-D718793ACCE4}
	EndGlobalSection
EndGlobal
